
Microsoft Visual Studio Solution File, Format Version 12.00
# Visual Studio Version 16
VisualStudioVersion = 16.0.30503.244
MinimumVisualStudioVersion = 10.0.40219.1
Project("{FAE04EC0-301F-11D3-BF4B-00C04F79EFBC}") = "AsynchronousEncryption", "AsynchronousEncryption\AsynchronousEncryption.csproj", "{5C93FABA-3459-475F-AEFD-24BDDC04CAFE}"
EndProject
Global
	GlobalSection(SolutionConfigurationPlatforms) = preSolution
		Debug|Any CPU = Debug|Any CPU
		Release|Any CPU = Release|Any CPU
	EndGlobalSection
	GlobalSection(ProjectConfigurationPlatforms) = postSolution
		{5C93FABA-3459-475F-AEFD-24BDDC04CAFE}.Debug|Any CPU.ActiveCfg = Debug|Any CPU
		{5C93FABA-3459-475F-AEFD-24BDDC04CAFE}.Debug|Any CPU.Build.0 = Debug|Any CPU
		{5C93FABA-3459-475F-AEFD-24BDDC04CAFE}.Release|Any CPU.ActiveCfg = Release|Any CPU
		{5C93FABA-3459-475F-AEFD-24BDDC04CAFE}.Release|Any CPU.Build.0 = Release|Any CPU
	EndGlobalSection
	GlobalSection(SolutionProperties) = preSolution
		HideSolutionNode = FALSE
	EndGlobalSection
	GlobalSection(ExtensibilityGlobals) = postSolution
		SolutionGuid = {0501FFD3-865D-4F47-A4CA-C19A06384828}
	EndGlobalSection
EndGlobal
